// !$*UTF8*$!
{
	archiveVersion = 1;
	classes = {
	};
	objectVersion = 46;
	objects = {

/* Begin PBXBuildFile section */
		A22382281B2729DD0070B7CD /* ISFRD.cpp in Sources */ = {isa = PBXBuildFile; fileRef = A22382271B2729DD0070B7CD /* ISFRD.cpp */; };
		A2339A9E1B32F17F0024CE52 /* ISFRTD.cpp in Sources */ = {isa = PBXBuildFile; fileRef = A2339A9D1B32F17F0024CE52 /* ISFRTD.cpp */; };
		A24DB9AF1B6BC38100D02C15 /* ISFRTDPfix.cpp in Sources */ = {isa = PBXBuildFile; fileRef = A24DB9AE1B6BC38100D02C15 /* ISFRTDPfix.cpp */; };
		A26E72ED1B21B70D00CC4075 /* ISFRDP.cpp in Sources */ = {isa = PBXBuildFile; fileRef = A26E72EC1B21B70D00CC4075 /* ISFRDP.cpp */; };
		A26E72F51B21B7F600CC4075 /* makefile in Sources */ = {isa = PBXBuildFile; fileRef = A26E72F41B21B7F600CC4075 /* makefile */; };
		A26E72F91B21F77100CC4075 /* debugmain.cpp in Sources */ = {isa = PBXBuildFile; fileRef = A26E72F81B21F77100CC4075 /* debugmain.cpp */; };
		A275AEE71B4A8F3300EC7F86 /* ISFRTDP.cpp in Sources */ = {isa = PBXBuildFile; fileRef = A275AEE61B4A8F3300EC7F86 /* ISFRTDP.cpp */; };
		A2A69D571B3815C600BE49E0 /* ddm.cpp in Sources */ = {isa = PBXBuildFile; fileRef = A2A69D561B3815C600BE49E0 /* ddm.cpp */; };
		A2A69D591B3815DA00BE49E0 /* loadFiles.cpp in Sources */ = {isa = PBXBuildFile; fileRef = A2A69D581B3815DA00BE49E0 /* loadFiles.cpp */; };
		A2A69D5E1B381F7B00BE49E0 /* averSqrModTau.cpp in Sources */ = {isa = PBXBuildFile; fileRef = A2A69D5D1B381F7B00BE49E0 /* averSqrModTau.cpp */; };
		A2A69D601B38206400BE49E0 /* aveQ.cpp in Sources */ = {isa = PBXBuildFile; fileRef = A2A69D5F1B38206400BE49E0 /* aveQ.cpp */; };
		A2A69D621B38290700BE49E0 /* print.cpp in Sources */ = {isa = PBXBuildFile; fileRef = A2A69D611B38290700BE49E0 /* print.cpp */; };
		A2A69D661B382E0500BE49E0 /* fitting.cpp in Sources */ = {isa = PBXBuildFile; fileRef = A2A69D651B382E0500BE49E0 /* fitting.cpp */; };
		A2A69D681B3845CC00BE49E0 /* clean.cpp in Sources */ = {isa = PBXBuildFile; fileRef = A2A69D671B3845CC00BE49E0 /* clean.cpp */; };
		A2A69D6B1B38682500BE49E0 /* NILT.cpp in Sources */ = {isa = PBXBuildFile; fileRef = A2A69D6A1B38682500BE49E0 /* NILT.cpp */; };
		A2AD626A1A073D350057D8C8 /* main.cpp in Sources */ = {isa = PBXBuildFile; fileRef = A2AD62691A073D350057D8C8 /* main.cpp */; };
		A2B28CB01B419A7F0000AC77 /* NILT_RTDP.cpp in Sources */ = {isa = PBXBuildFile; fileRef = A2B28CAF1B419A7F0000AC77 /* NILT_RTDP.cpp */; };
		A2DC9C5B1BCE722A0016D35F /* ISFRTDPTTfix.cpp in Sources */ = {isa = PBXBuildFile; fileRef = A2DC9C5A1BCE722A0016D35F /* ISFRTDPTTfix.cpp */; settings = {ASSET_TAGS = (); }; };
		A2E20FC21BBA732A00A4F7A3 /* ISFRTDPTT.cpp in Sources */ = {isa = PBXBuildFile; fileRef = A2E20FC11BBA732A00A4F7A3 /* ISFRTDPTT.cpp */; settings = {ASSET_TAGS = (); }; };
/* End PBXBuildFile section */

/* Begin PBXCopyFilesBuildPhase section */
		A2AD62641A073D350057D8C8 /* CopyFiles */ = {
			isa = PBXCopyFilesBuildPhase;
			buildActionMask = 2147483647;
			dstPath = /usr/share/man/man1/;
			dstSubfolderSpec = 0;
			files = (
			);
			runOnlyForDeploymentPostprocessing = 1;
		};
/* End PBXCopyFilesBuildPhase section */

/* Begin PBXFileReference section */
		A22382271B2729DD0070B7CD /* ISFRD.cpp */ = {isa = PBXFileReference; fileEncoding = 4; lastKnownFileType = sourcecode.cpp.cpp; path = ISFRD.cpp; sourceTree = "<group>"; };
		A2339A9D1B32F17F0024CE52 /* ISFRTD.cpp */ = {isa = PBXFileReference; fileEncoding = 4; lastKnownFileType = sourcecode.cpp.cpp; path = ISFRTD.cpp; sourceTree = "<group>"; };
		A24DB9AE1B6BC38100D02C15 /* ISFRTDPfix.cpp */ = {isa = PBXFileReference; fileEncoding = 4; lastKnownFileType = sourcecode.cpp.cpp; path = ISFRTDPfix.cpp; sourceTree = "<group>"; };
		A26E72EC1B21B70D00CC4075 /* ISFRDP.cpp */ = {isa = PBXFileReference; fileEncoding = 4; lastKnownFileType = sourcecode.cpp.cpp; path = ISFRDP.cpp; sourceTree = "<group>"; };
		A26E72F41B21B7F600CC4075 /* makefile */ = {isa = PBXFileReference; fileEncoding = 4; lastKnownFileType = sourcecode.make; name = makefile; path = ddm/makefile; sourceTree = "<group>"; };
		A26E72F81B21F77100CC4075 /* debugmain.cpp */ = {isa = PBXFileReference; fileEncoding = 4; lastKnownFileType = sourcecode.cpp.cpp; path = debugmain.cpp; sourceTree = "<group>"; };
		A275AEE61B4A8F3300EC7F86 /* ISFRTDP.cpp */ = {isa = PBXFileReference; fileEncoding = 4; lastKnownFileType = sourcecode.cpp.cpp; path = ISFRTDP.cpp; sourceTree = "<group>"; };
		A27857CD1BA68F0A00569D86 /* protocol.py */ = {isa = PBXFileReference; fileEncoding = 4; lastKnownFileType = text.script.python; name = protocol.py; path = bin/protocol.py; sourceTree = "<group>"; };
		A2A69D551B38136600BE49E0 /* ddm.h */ = {isa = PBXFileReference; fileEncoding = 4; lastKnownFileType = sourcecode.c.h; path = ddm.h; sourceTree = "<group>"; };
		A2A69D561B3815C600BE49E0 /* ddm.cpp */ = {isa = PBXFileReference; fileEncoding = 4; lastKnownFileType = sourcecode.cpp.cpp; path = ddm.cpp; sourceTree = "<group>"; };
		A2A69D581B3815DA00BE49E0 /* loadFiles.cpp */ = {isa = PBXFileReference; fileEncoding = 4; lastKnownFileType = sourcecode.cpp.cpp; path = loadFiles.cpp; sourceTree = "<group>"; };
		A2A69D5D1B381F7B00BE49E0 /* averSqrModTau.cpp */ = {isa = PBXFileReference; fileEncoding = 4; lastKnownFileType = sourcecode.cpp.cpp; path = averSqrModTau.cpp; sourceTree = "<group>"; };
		A2A69D5F1B38206400BE49E0 /* aveQ.cpp */ = {isa = PBXFileReference; fileEncoding = 4; lastKnownFileType = sourcecode.cpp.cpp; path = aveQ.cpp; sourceTree = "<group>"; };
		A2A69D611B38290700BE49E0 /* print.cpp */ = {isa = PBXFileReference; fileEncoding = 4; lastKnownFileType = sourcecode.cpp.cpp; path = print.cpp; sourceTree = "<group>"; };
		A2A69D651B382E0500BE49E0 /* fitting.cpp */ = {isa = PBXFileReference; fileEncoding = 4; lastKnownFileType = sourcecode.cpp.cpp; path = fitting.cpp; sourceTree = "<group>"; };
		A2A69D671B3845CC00BE49E0 /* clean.cpp */ = {isa = PBXFileReference; fileEncoding = 4; lastKnownFileType = sourcecode.cpp.cpp; path = clean.cpp; sourceTree = "<group>"; };
		A2A69D691B3867EA00BE49E0 /* NILT.h */ = {isa = PBXFileReference; fileEncoding = 4; lastKnownFileType = sourcecode.c.h; path = NILT.h; sourceTree = "<group>"; };
		A2A69D6A1B38682500BE49E0 /* NILT.cpp */ = {isa = PBXFileReference; fileEncoding = 4; lastKnownFileType = sourcecode.cpp.cpp; path = NILT.cpp; sourceTree = "<group>"; };
		A2AD62661A073D350057D8C8 /* ddm */ = {isa = PBXFileReference; explicitFileType = "compiled.mach-o.executable"; includeInIndex = 0; path = ddm; sourceTree = BUILT_PRODUCTS_DIR; };
		A2AD62691A073D350057D8C8 /* main.cpp */ = {isa = PBXFileReference; lastKnownFileType = sourcecode.cpp.cpp; path = main.cpp; sourceTree = "<group>"; };
		A2AD627A1A0742490057D8C8 /* parameters.h */ = {isa = PBXFileReference; fileEncoding = 4; lastKnownFileType = sourcecode.c.h; path = parameters.h; sourceTree = "<group>"; };
		A2B28CAF1B419A7F0000AC77 /* NILT_RTDP.cpp */ = {isa = PBXFileReference; fileEncoding = 4; lastKnownFileType = sourcecode.cpp.cpp; path = NILT_RTDP.cpp; sourceTree = "<group>"; };
		A2CE9DDA1B5D4BF600DDE052 /* compile.sh */ = {isa = PBXFileReference; lastKnownFileType = text.script.sh; path = compile.sh; sourceTree = "<group>"; };
		A2CE9DDC1B6112A700DDE052 /* config.sh */ = {isa = PBXFileReference; fileEncoding = 4; lastKnownFileType = text.script.sh; name = config.sh; path = bin/config.sh; sourceTree = "<group>"; };
		A2DC9C5A1BCE722A0016D35F /* ISFRTDPTTfix.cpp */ = {isa = PBXFileReference; fileEncoding = 4; lastKnownFileType = sourcecode.cpp.cpp; path = ISFRTDPTTfix.cpp; sourceTree = "<group>"; };
		A2E01C5C1B85A734000169BD /* compileAll.sh */ = {isa = PBXFileReference; fileEncoding = 4; lastKnownFileType = text.script.sh; path = compileAll.sh; sourceTree = "<group>"; };
		A2E20FC11BBA732A00A4F7A3 /* ISFRTDPTT.cpp */ = {isa = PBXFileReference; fileEncoding = 4; lastKnownFileType = sourcecode.cpp.cpp; path = ISFRTDPTT.cpp; sourceTree = "<group>"; };
/* End PBXFileReference section */

/* Begin PBXFrameworksBuildPhase section */
		A2AD62631A073D350057D8C8 /* Frameworks */ = {
			isa = PBXFrameworksBuildPhase;
			buildActionMask = 2147483647;
			files = (
			);
			runOnlyForDeploymentPostprocessing = 0;
		};
/* End PBXFrameworksBuildPhase section */

/* Begin PBXGroup section */
		A2AD625D1A073D350057D8C8 = {
			isa = PBXGroup;
			children = (
				A26E72F41B21B7F600CC4075 /* makefile */,
				A2AD62681A073D350057D8C8 /* ddm */,
				A2AD62671A073D350057D8C8 /* Products */,
			);
			sourceTree = "<group>";
		};
		A2AD62671A073D350057D8C8 /* Products */ = {
			isa = PBXGroup;
			children = (
				A2AD62661A073D350057D8C8 /* ddm */,
			);
			name = Products;
			sourceTree = "<group>";
		};
		A2AD62681A073D350057D8C8 /* ddm */ = {
			isa = PBXGroup;
			children = (
				A27857CD1BA68F0A00569D86 /* protocol.py */,
				A2CE9DDC1B6112A700DDE052 /* config.sh */,
				A2AD62691A073D350057D8C8 /* main.cpp */,
				A2AD627A1A0742490057D8C8 /* parameters.h */,
				A26E72EC1B21B70D00CC4075 /* ISFRDP.cpp */,
				A26E72F81B21F77100CC4075 /* debugmain.cpp */,
				A22382271B2729DD0070B7CD /* ISFRD.cpp */,
				A2339A9D1B32F17F0024CE52 /* ISFRTD.cpp */,
				A2A69D551B38136600BE49E0 /* ddm.h */,
				A2A69D561B3815C600BE49E0 /* ddm.cpp */,
				A2A69D581B3815DA00BE49E0 /* loadFiles.cpp */,
				A2A69D5D1B381F7B00BE49E0 /* averSqrModTau.cpp */,
				A2A69D5F1B38206400BE49E0 /* aveQ.cpp */,
				A2A69D611B38290700BE49E0 /* print.cpp */,
				A2A69D651B382E0500BE49E0 /* fitting.cpp */,
				A2A69D671B3845CC00BE49E0 /* clean.cpp */,
				A2A69D691B3867EA00BE49E0 /* NILT.h */,
				A2A69D6A1B38682500BE49E0 /* NILT.cpp */,
				A2B28CAF1B419A7F0000AC77 /* NILT_RTDP.cpp */,
				A275AEE61B4A8F3300EC7F86 /* ISFRTDP.cpp */,
				A2CE9DDA1B5D4BF600DDE052 /* compile.sh */,
				A24DB9AE1B6BC38100D02C15 /* ISFRTDPfix.cpp */,
				A2E01C5C1B85A734000169BD /* compileAll.sh */,
				A2E20FC11BBA732A00A4F7A3 /* ISFRTDPTT.cpp */,
				A2DC9C5A1BCE722A0016D35F /* ISFRTDPTTfix.cpp */,
			);
			path = ddm;
			sourceTree = "<group>";
		};
/* End PBXGroup section */

/* Begin PBXNativeTarget section */
		A2AD62651A073D350057D8C8 /* ddm */ = {
			isa = PBXNativeTarget;
			buildConfigurationList = A2AD626D1A073D350057D8C8 /* Build configuration list for PBXNativeTarget "ddm" */;
			buildPhases = (
				A2AD62621A073D350057D8C8 /* Sources */,
				A2AD62631A073D350057D8C8 /* Frameworks */,
				A2AD62641A073D350057D8C8 /* CopyFiles */,
			);
			buildRules = (
			);
			dependencies = (
			);
			name = ddm;
			productName = ddm;
			productReference = A2AD62661A073D350057D8C8 /* ddm */;
			productType = "com.apple.product-type.tool";
		};
/* End PBXNativeTarget section */

/* Begin PBXProject section */
		A2AD625E1A073D350057D8C8 /* Project object */ = {
			isa = PBXProject;
			attributes = {
				LastUpgradeCheck = 0610;
				ORGANIZATIONNAME = ZYF;
				TargetAttributes = {
					A2AD62651A073D350057D8C8 = {
						CreatedOnToolsVersion = 6.1;
					};
				};
			};
			buildConfigurationList = A2AD62611A073D350057D8C8 /* Build configuration list for PBXProject "ddm" */;
			compatibilityVersion = "Xcode 3.2";
			developmentRegion = English;
			hasScannedForEncodings = 0;
			knownRegions = (
				en,
			);
			mainGroup = A2AD625D1A073D350057D8C8;
			productRefGroup = A2AD62671A073D350057D8C8 /* Products */;
			projectDirPath = "";
			projectRoot = "";
			targets = (
				A2AD62651A073D350057D8C8 /* ddm */,
			);
		};
/* End PBXProject section */

/* Begin PBXSourcesBuildPhase section */
		A2AD62621A073D350057D8C8 /* Sources */ = {
			isa = PBXSourcesBuildPhase;
			buildActionMask = 2147483647;
			files = (
				A2B28CB01B419A7F0000AC77 /* NILT_RTDP.cpp in Sources */,
				A26E72F51B21B7F600CC4075 /* makefile in Sources */,
				A2DC9C5B1BCE722A0016D35F /* ISFRTDPTTfix.cpp in Sources */,
				A2E20FC21BBA732A00A4F7A3 /* ISFRTDPTT.cpp in Sources */,
				A2AD626A1A073D350057D8C8 /* main.cpp in Sources */,
				A2A69D6B1B38682500BE49E0 /* NILT.cpp in Sources */,
				A2339A9E1B32F17F0024CE52 /* ISFRTD.cpp in Sources */,
				A2A69D661B382E0500BE49E0 /* fitting.cpp in Sources */,
				A26E72ED1B21B70D00CC4075 /* ISFRDP.cpp in Sources */,
				A24DB9AF1B6BC38100D02C15 /* ISFRTDPfix.cpp in Sources */,
				A2A69D601B38206400BE49E0 /* aveQ.cpp in Sources */,
				A22382281B2729DD0070B7CD /* ISFRD.cpp in Sources */,
				A2A69D681B3845CC00BE49E0 /* clean.cpp in Sources */,
				A2A69D591B3815DA00BE49E0 /* loadFiles.cpp in Sources */,
				A2A69D571B3815C600BE49E0 /* ddm.cpp in Sources */,
				A26E72F91B21F77100CC4075 /* debugmain.cpp in Sources */,
				A2A69D621B38290700BE49E0 /* print.cpp in Sources */,
				A2A69D5E1B381F7B00BE49E0 /* averSqrModTau.cpp in Sources */,
				A275AEE71B4A8F3300EC7F86 /* ISFRTDP.cpp in Sources */,
			);
			runOnlyForDeploymentPostprocessing = 0;
		};
/* End PBXSourcesBuildPhase section */

/* Begin XCBuildConfiguration section */
		A2AD626B1A073D350057D8C8 /* Debug */ = {
			isa = XCBuildConfiguration;
			buildSettings = {
				ALWAYS_SEARCH_USER_PATHS = NO;
				CLANG_CXX_LANGUAGE_STANDARD = "gnu++0x";
				CLANG_CXX_LIBRARY = "libc++";
				CLANG_ENABLE_MODULES = YES;
				CLANG_ENABLE_OBJC_ARC = YES;
				CLANG_WARN_BOOL_CONVERSION = YES;
				CLANG_WARN_CONSTANT_CONVERSION = YES;
				CLANG_WARN_DIRECT_OBJC_ISA_USAGE = YES_ERROR;
				CLANG_WARN_EMPTY_BODY = YES;
				CLANG_WARN_ENUM_CONVERSION = YES;
				CLANG_WARN_INT_CONVERSION = YES;
				CLANG_WARN_OBJC_ROOT_CLASS = YES_ERROR;
				CLANG_WARN_UNREACHABLE_CODE = YES;
				CLANG_WARN__DUPLICATE_METHOD_MATCH = YES;
				COPY_PHASE_STRIP = NO;
				ENABLE_STRICT_OBJC_MSGSEND = YES;
				GCC_C_LANGUAGE_STANDARD = gnu99;
				GCC_DYNAMIC_NO_PIC = NO;
				GCC_OPTIMIZATION_LEVEL = 0;
				GCC_PREPROCESSOR_DEFINITIONS = (
					"DEBUG=1",
					"$(inherited)",
				);
				GCC_SYMBOLS_PRIVATE_EXTERN = NO;
				GCC_WARN_64_TO_32_BIT_CONVERSION = YES;
				GCC_WARN_ABOUT_RETURN_TYPE = YES_ERROR;
				GCC_WARN_UNDECLARED_SELECTOR = YES;
				GCC_WARN_UNINITIALIZED_AUTOS = YES_AGGRESSIVE;
				GCC_WARN_UNUSED_FUNCTION = YES;
				GCC_WARN_UNUSED_VARIABLE = YES;
				MACOSX_DEPLOYMENT_TARGET = 10.10;
				MTL_ENABLE_DEBUG_INFO = YES;
				ONLY_ACTIVE_ARCH = YES;
				SDKROOT = macosx;
			};
			name = Debug;
		};
		A2AD626C1A073D350057D8C8 /* Release */ = {
			isa = XCBuildConfiguration;
			buildSettings = {
				ALWAYS_SEARCH_USER_PATHS = NO;
				CLANG_CXX_LANGUAGE_STANDARD = "gnu++0x";
				CLANG_CXX_LIBRARY = "libc++";
				CLANG_ENABLE_MODULES = YES;
				CLANG_ENABLE_OBJC_ARC = YES;
				CLANG_WARN_BOOL_CONVERSION = YES;
				CLANG_WARN_CONSTANT_CONVERSION = YES;
				CLANG_WARN_DIRECT_OBJC_ISA_USAGE = YES_ERROR;
				CLANG_WARN_EMPTY_BODY = YES;
				CLANG_WARN_ENUM_CONVERSION = YES;
				CLANG_WARN_INT_CONVERSION = YES;
				CLANG_WARN_OBJC_ROOT_CLASS = YES_ERROR;
				CLANG_WARN_UNREACHABLE_CODE = YES;
				CLANG_WARN__DUPLICATE_METHOD_MATCH = YES;
				COPY_PHASE_STRIP = YES;
				DEBUG_INFORMATION_FORMAT = "dwarf-with-dsym";
				ENABLE_NS_ASSERTIONS = NO;
				ENABLE_STRICT_OBJC_MSGSEND = YES;
				GCC_C_LANGUAGE_STANDARD = gnu99;
				GCC_WARN_64_TO_32_BIT_CONVERSION = YES;
				GCC_WARN_ABOUT_RETURN_TYPE = YES_ERROR;
				GCC_WARN_UNDECLARED_SELECTOR = YES;
				GCC_WARN_UNINITIALIZED_AUTOS = YES_AGGRESSIVE;
				GCC_WARN_UNUSED_FUNCTION = YES;
				GCC_WARN_UNUSED_VARIABLE = YES;
				MACOSX_DEPLOYMENT_TARGET = 10.10;
				MTL_ENABLE_DEBUG_INFO = NO;
				SDKROOT = macosx;
			};
			name = Release;
		};
		A2AD626E1A073D350057D8C8 /* Debug */ = {
			isa = XCBuildConfiguration;
			buildSettings = {
				CLANG_CXX_LIBRARY = "libc++";
				GCC_C_LANGUAGE_STANDARD = gnu11;
				GCC_VERSION = "";
				HEADER_SEARCH_PATHS = (
					"$(inherited)",
					/Applications/Xcode.app/Contents/Developer/Toolchains/XcodeDefault.xctoolchain/usr/include,
					/usr/local/include/,
				);
				LIBRARY_SEARCH_PATHS = /usr/local/lib/;
				LLVM_LTO = NO;
				OTHER_LDFLAGS = (
					"-lm",
					"-lfftw3",
					"-lgslcblas",
					"-lgsl",
				);
				PRODUCT_NAME = "$(TARGET_NAME)";
			};
			name = Debug;
		};
		A2AD626F1A073D350057D8C8 /* Release */ = {
			isa = XCBuildConfiguration;
			buildSettings = {
				CLANG_CXX_LIBRARY = "libc++";
				GCC_C_LANGUAGE_STANDARD = gnu11;
				GCC_OPTIMIZATION_LEVEL = fast;
				GCC_VERSION = "";
				HEADER_SEARCH_PATHS = (
					"$(inherited)",
					/Applications/Xcode.app/Contents/Developer/Toolchains/XcodeDefault.xctoolchain/usr/include,
					/usr/local/include/,
				);
				LIBRARY_SEARCH_PATHS = /usr/local/lib/;
				LLVM_LTO = NO;
				OTHER_LDFLAGS = (
					"-lm",
					"-lfftw3",
					"-lgslcblas",
					"-lgsl",
				);
				PRODUCT_NAME = "$(TARGET_NAME)";
			};
			name = Release;
		};
/* End XCBuildConfiguration section */

/* Begin XCConfigurationList section */
		A2AD62611A073D350057D8C8 /* Build configuration list for PBXProject "ddm" */ = {
			isa = XCConfigurationList;
			buildConfigurations = (
				A2AD626B1A073D350057D8C8 /* Debug */,
				A2AD626C1A073D350057D8C8 /* Release */,
			);
			defaultConfigurationIsVisible = 0;
			defaultConfigurationName = Release;
		};
		A2AD626D1A073D350057D8C8 /* Build configuration list for PBXNativeTarget "ddm" */ = {
			isa = XCConfigurationList;
			buildConfigurations = (
				A2AD626E1A073D350057D8C8 /* Debug */,
				A2AD626F1A073D350057D8C8 /* Release */,
			);
			defaultConfigurationIsVisible = 0;
			defaultConfigurationName = Release;
		};
/* End XCConfigurationList section */
	};
	rootObject = A2AD625E1A073D350057D8C8 /* Project object */;
}
