// !$*UTF8*$!
{
	archiveVersion = 1;
	classes = {
	};
	objectVersion = 46;
	objects = {

/* Begin PBXBuildFile section */
		A26E72ED1B21B70D00CC4075 /* ISFSwimmer.cpp in Sources */ = {isa = PBXBuildFile; fileRef = A26E72EC1B21B70D00CC4075 /* ISFSwimmer.cpp */; };
		A26E72EF1B21B74900CC4075 /* ISFRunAndTumble2D.cpp in Sources */ = {isa = PBXBuildFile; fileRef = A26E72EE1B21B74900CC4075 /* ISFRunAndTumble2D.cpp */; };
		A26E72F11B21B77E00CC4075 /* ISFRunAndTumble3D.cpp in Sources */ = {isa = PBXBuildFile; fileRef = A26E72F01B21B77E00CC4075 /* ISFRunAndTumble3D.cpp */; };
		A26E72F31B21B7D500CC4075 /* ISFRunAndTumbleAndDiffusion.cpp in Sources */ = {isa = PBXBuildFile; fileRef = A26E72F21B21B7D500CC4075 /* ISFRunAndTumbleAndDiffusion.cpp */; };
		A26E72F51B21B7F600CC4075 /* makefile in Sources */ = {isa = PBXBuildFile; fileRef = A26E72F41B21B7F600CC4075 /* makefile */; };
		A2AD626A1A073D350057D8C8 /* main.cpp in Sources */ = {isa = PBXBuildFile; fileRef = A2AD62691A073D350057D8C8 /* main.cpp */; };
		A2AD627B1A0742490057D8C8 /* functions.cpp in Sources */ = {isa = PBXBuildFile; fileRef = A2AD62791A0742490057D8C8 /* functions.cpp */; };
/* End PBXBuildFile section */

/* Begin PBXCopyFilesBuildPhase section */
		A2AD62641A073D350057D8C8 /* CopyFiles */ = {
			isa = PBXCopyFilesBuildPhase;
			buildActionMask = 2147483647;
			dstPath = /usr/share/man/man1/;
			dstSubfolderSpec = 0;
			files = (
			);
			runOnlyForDeploymentPostprocessing = 1;
		};
/* End PBXCopyFilesBuildPhase section */

/* Begin PBXFileReference section */
		A26E72EC1B21B70D00CC4075 /* ISFSwimmer.cpp */ = {isa = PBXFileReference; fileEncoding = 4; lastKnownFileType = sourcecode.cpp.cpp; path = ISFSwimmer.cpp; sourceTree = "<group>"; };
		A26E72EE1B21B74900CC4075 /* ISFRunAndTumble2D.cpp */ = {isa = PBXFileReference; fileEncoding = 4; lastKnownFileType = sourcecode.cpp.cpp; path = ISFRunAndTumble2D.cpp; sourceTree = "<group>"; };
		A26E72F01B21B77E00CC4075 /* ISFRunAndTumble3D.cpp */ = {isa = PBXFileReference; fileEncoding = 4; lastKnownFileType = sourcecode.cpp.cpp; path = ISFRunAndTumble3D.cpp; sourceTree = "<group>"; };
		A26E72F21B21B7D500CC4075 /* ISFRunAndTumbleAndDiffusion.cpp */ = {isa = PBXFileReference; fileEncoding = 4; lastKnownFileType = sourcecode.cpp.cpp; path = ISFRunAndTumbleAndDiffusion.cpp; sourceTree = "<group>"; };
		A26E72F41B21B7F600CC4075 /* makefile */ = {isa = PBXFileReference; fileEncoding = 4; lastKnownFileType = sourcecode.make; name = makefile; path = ddm/makefile; sourceTree = "<group>"; };
		A2AD62661A073D350057D8C8 /* ddm */ = {isa = PBXFileReference; explicitFileType = "compiled.mach-o.executable"; includeInIndex = 0; path = ddm; sourceTree = BUILT_PRODUCTS_DIR; };
		A2AD62691A073D350057D8C8 /* main.cpp */ = {isa = PBXFileReference; lastKnownFileType = sourcecode.cpp.cpp; path = main.cpp; sourceTree = "<group>"; };
		A2AD62791A0742490057D8C8 /* functions.cpp */ = {isa = PBXFileReference; fileEncoding = 4; lastKnownFileType = sourcecode.cpp.cpp; path = functions.cpp; sourceTree = "<group>"; };
		A2AD627A1A0742490057D8C8 /* functions.h */ = {isa = PBXFileReference; fileEncoding = 4; lastKnownFileType = sourcecode.c.h; path = functions.h; sourceTree = "<group>"; };
/* End PBXFileReference section */

/* Begin PBXFrameworksBuildPhase section */
		A2AD62631A073D350057D8C8 /* Frameworks */ = {
			isa = PBXFrameworksBuildPhase;
			buildActionMask = 2147483647;
			files = (
			);
			runOnlyForDeploymentPostprocessing = 0;
		};
/* End PBXFrameworksBuildPhase section */

/* Begin PBXGroup section */
		A2AD625D1A073D350057D8C8 = {
			isa = PBXGroup;
			children = (
				A26E72F41B21B7F600CC4075 /* makefile */,
				A2AD62681A073D350057D8C8 /* ddm */,
				A2AD62671A073D350057D8C8 /* Products */,
			);
			sourceTree = "<group>";
		};
		A2AD62671A073D350057D8C8 /* Products */ = {
			isa = PBXGroup;
			children = (
				A2AD62661A073D350057D8C8 /* ddm */,
			);
			name = Products;
			sourceTree = "<group>";
		};
		A2AD62681A073D350057D8C8 /* ddm */ = {
			isa = PBXGroup;
			children = (
				A2AD62691A073D350057D8C8 /* main.cpp */,
				A2AD62791A0742490057D8C8 /* functions.cpp */,
				A2AD627A1A0742490057D8C8 /* functions.h */,
				A26E72EC1B21B70D00CC4075 /* ISFSwimmer.cpp */,
				A26E72EE1B21B74900CC4075 /* ISFRunAndTumble2D.cpp */,
				A26E72F01B21B77E00CC4075 /* ISFRunAndTumble3D.cpp */,
				A26E72F21B21B7D500CC4075 /* ISFRunAndTumbleAndDiffusion.cpp */,
			);
			path = ddm;
			sourceTree = "<group>";
		};
/* End PBXGroup section */

/* Begin PBXNativeTarget section */
		A2AD62651A073D350057D8C8 /* ddm */ = {
			isa = PBXNativeTarget;
			buildConfigurationList = A2AD626D1A073D350057D8C8 /* Build configuration list for PBXNativeTarget "ddm" */;
			buildPhases = (
				A2AD62621A073D350057D8C8 /* Sources */,
				A2AD62631A073D350057D8C8 /* Frameworks */,
				A2AD62641A073D350057D8C8 /* CopyFiles */,
			);
			buildRules = (
			);
			dependencies = (
			);
			name = ddm;
			productName = ddm;
			productReference = A2AD62661A073D350057D8C8 /* ddm */;
			productType = "com.apple.product-type.tool";
		};
/* End PBXNativeTarget section */

/* Begin PBXProject section */
		A2AD625E1A073D350057D8C8 /* Project object */ = {
			isa = PBXProject;
			attributes = {
				LastUpgradeCheck = 0610;
				ORGANIZATIONNAME = ZYF;
				TargetAttributes = {
					A2AD62651A073D350057D8C8 = {
						CreatedOnToolsVersion = 6.1;
					};
				};
			};
			buildConfigurationList = A2AD62611A073D350057D8C8 /* Build configuration list for PBXProject "ddm" */;
			compatibilityVersion = "Xcode 3.2";
			developmentRegion = English;
			hasScannedForEncodings = 0;
			knownRegions = (
				en,
			);
			mainGroup = A2AD625D1A073D350057D8C8;
			productRefGroup = A2AD62671A073D350057D8C8 /* Products */;
			projectDirPath = "";
			projectRoot = "";
			targets = (
				A2AD62651A073D350057D8C8 /* ddm */,
			);
		};
/* End PBXProject section */

/* Begin PBXSourcesBuildPhase section */
		A2AD62621A073D350057D8C8 /* Sources */ = {
			isa = PBXSourcesBuildPhase;
			buildActionMask = 2147483647;
			files = (
				A26E72F11B21B77E00CC4075 /* ISFRunAndTumble3D.cpp in Sources */,
				A26E72F51B21B7F600CC4075 /* makefile in Sources */,
				A2AD626A1A073D350057D8C8 /* main.cpp in Sources */,
				A26E72ED1B21B70D00CC4075 /* ISFSwimmer.cpp in Sources */,
				A2AD627B1A0742490057D8C8 /* functions.cpp in Sources */,
				A26E72EF1B21B74900CC4075 /* ISFRunAndTumble2D.cpp in Sources */,
				A26E72F31B21B7D500CC4075 /* ISFRunAndTumbleAndDiffusion.cpp in Sources */,
			);
			runOnlyForDeploymentPostprocessing = 0;
		};
/* End PBXSourcesBuildPhase section */

/* Begin XCBuildConfiguration section */
		A2AD626B1A073D350057D8C8 /* Debug */ = {
			isa = XCBuildConfiguration;
			buildSettings = {
				ALWAYS_SEARCH_USER_PATHS = NO;
				CLANG_CXX_LANGUAGE_STANDARD = "gnu++0x";
				CLANG_CXX_LIBRARY = "libc++";
				CLANG_ENABLE_MODULES = YES;
				CLANG_ENABLE_OBJC_ARC = YES;
				CLANG_WARN_BOOL_CONVERSION = YES;
				CLANG_WARN_CONSTANT_CONVERSION = YES;
				CLANG_WARN_DIRECT_OBJC_ISA_USAGE = YES_ERROR;
				CLANG_WARN_EMPTY_BODY = YES;
				CLANG_WARN_ENUM_CONVERSION = YES;
				CLANG_WARN_INT_CONVERSION = YES;
				CLANG_WARN_OBJC_ROOT_CLASS = YES_ERROR;
				CLANG_WARN_UNREACHABLE_CODE = YES;
				CLANG_WARN__DUPLICATE_METHOD_MATCH = YES;
				COPY_PHASE_STRIP = NO;
				ENABLE_STRICT_OBJC_MSGSEND = YES;
				GCC_C_LANGUAGE_STANDARD = gnu99;
				GCC_DYNAMIC_NO_PIC = NO;
				GCC_OPTIMIZATION_LEVEL = 0;
				GCC_PREPROCESSOR_DEFINITIONS = (
					"DEBUG=1",
					"$(inherited)",
				);
				GCC_SYMBOLS_PRIVATE_EXTERN = NO;
				GCC_WARN_64_TO_32_BIT_CONVERSION = YES;
				GCC_WARN_ABOUT_RETURN_TYPE = YES_ERROR;
				GCC_WARN_UNDECLARED_SELECTOR = YES;
				GCC_WARN_UNINITIALIZED_AUTOS = YES_AGGRESSIVE;
				GCC_WARN_UNUSED_FUNCTION = YES;
				GCC_WARN_UNUSED_VARIABLE = YES;
				MACOSX_DEPLOYMENT_TARGET = 10.10;
				MTL_ENABLE_DEBUG_INFO = YES;
				ONLY_ACTIVE_ARCH = YES;
				SDKROOT = macosx;
			};
			name = Debug;
		};
		A2AD626C1A073D350057D8C8 /* Release */ = {
			isa = XCBuildConfiguration;
			buildSettings = {
				ALWAYS_SEARCH_USER_PATHS = NO;
				CLANG_CXX_LANGUAGE_STANDARD = "gnu++0x";
				CLANG_CXX_LIBRARY = "libc++";
				CLANG_ENABLE_MODULES = YES;
				CLANG_ENABLE_OBJC_ARC = YES;
				CLANG_WARN_BOOL_CONVERSION = YES;
				CLANG_WARN_CONSTANT_CONVERSION = YES;
				CLANG_WARN_DIRECT_OBJC_ISA_USAGE = YES_ERROR;
				CLANG_WARN_EMPTY_BODY = YES;
				CLANG_WARN_ENUM_CONVERSION = YES;
				CLANG_WARN_INT_CONVERSION = YES;
				CLANG_WARN_OBJC_ROOT_CLASS = YES_ERROR;
				CLANG_WARN_UNREACHABLE_CODE = YES;
				CLANG_WARN__DUPLICATE_METHOD_MATCH = YES;
				COPY_PHASE_STRIP = YES;
				DEBUG_INFORMATION_FORMAT = "dwarf-with-dsym";
				ENABLE_NS_ASSERTIONS = NO;
				ENABLE_STRICT_OBJC_MSGSEND = YES;
				GCC_C_LANGUAGE_STANDARD = gnu99;
				GCC_WARN_64_TO_32_BIT_CONVERSION = YES;
				GCC_WARN_ABOUT_RETURN_TYPE = YES_ERROR;
				GCC_WARN_UNDECLARED_SELECTOR = YES;
				GCC_WARN_UNINITIALIZED_AUTOS = YES_AGGRESSIVE;
				GCC_WARN_UNUSED_FUNCTION = YES;
				GCC_WARN_UNUSED_VARIABLE = YES;
				MACOSX_DEPLOYMENT_TARGET = 10.10;
				MTL_ENABLE_DEBUG_INFO = NO;
				SDKROOT = macosx;
			};
			name = Release;
		};
		A2AD626E1A073D350057D8C8 /* Debug */ = {
			isa = XCBuildConfiguration;
			buildSettings = {
				CLANG_CXX_LIBRARY = "libc++";
				GCC_C_LANGUAGE_STANDARD = gnu11;
				GCC_VERSION = "";
				HEADER_SEARCH_PATHS = (
					"$(inherited)",
					/Applications/Xcode.app/Contents/Developer/Toolchains/XcodeDefault.xctoolchain/usr/include,
					/usr/local/include/,
				);
				LIBRARY_SEARCH_PATHS = /usr/local/lib/;
				LLVM_LTO = NO;
				OTHER_LDFLAGS = (
					"-lm",
					"-lfftw3",
					"-lgslcblas",
					"-lgsl",
				);
				PRODUCT_NAME = "$(TARGET_NAME)";
			};
			name = Debug;
		};
		A2AD626F1A073D350057D8C8 /* Release */ = {
			isa = XCBuildConfiguration;
			buildSettings = {
				CLANG_CXX_LIBRARY = "libc++";
				GCC_C_LANGUAGE_STANDARD = gnu11;
				GCC_OPTIMIZATION_LEVEL = fast;
				GCC_VERSION = "";
				HEADER_SEARCH_PATHS = (
					"$(inherited)",
					/Applications/Xcode.app/Contents/Developer/Toolchains/XcodeDefault.xctoolchain/usr/include,
					/usr/local/include/,
				);
				LIBRARY_SEARCH_PATHS = /usr/local/lib/;
				LLVM_LTO = NO;
				OTHER_LDFLAGS = (
					"-lm",
					"-lfftw3",
					"-lgslcblas",
					"-lgsl",
				);
				PRODUCT_NAME = "$(TARGET_NAME)";
			};
			name = Release;
		};
/* End XCBuildConfiguration section */

/* Begin XCConfigurationList section */
		A2AD62611A073D350057D8C8 /* Build configuration list for PBXProject "ddm" */ = {
			isa = XCConfigurationList;
			buildConfigurations = (
				A2AD626B1A073D350057D8C8 /* Debug */,
				A2AD626C1A073D350057D8C8 /* Release */,
			);
			defaultConfigurationIsVisible = 0;
			defaultConfigurationName = Release;
		};
		A2AD626D1A073D350057D8C8 /* Build configuration list for PBXNativeTarget "ddm" */ = {
			isa = XCConfigurationList;
			buildConfigurations = (
				A2AD626E1A073D350057D8C8 /* Debug */,
				A2AD626F1A073D350057D8C8 /* Release */,
			);
			defaultConfigurationIsVisible = 0;
			defaultConfigurationName = Release;
		};
/* End XCConfigurationList section */
	};
	rootObject = A2AD625E1A073D350057D8C8 /* Project object */;
}
